PODS:
  - AFNetworking (4.0.1):
    - AFNetworking/NSURLSession (= 4.0.1)
    - AFNetworking/Reachability (= 4.0.1)
    - AFNetworking/Security (= 4.0.1)
    - AFNetworking/Serialization (= 4.0.1)
    - AFNetworking/UIKit (= 4.0.1)
  - AFNetworking/NSURLSession (4.0.1):
    - AFNetworking/Reachability
    - AFNetworking/Security
    - AFNetworking/Serialization
  - AFNetworking/Reachability (4.0.1)
  - AFNetworking/Security (4.0.1)
  - AFNetworking/Serialization (4.0.1)
  - AFNetworking/UIKit (4.0.1):
    - AFNetworking/NSURLSession
  - FBAEMKit (17.0.1):
    - FBSDKCoreKit_Basics (= 17.0.1)
  - FBSDKCoreKit (17.0.1):
    - FBAEMKit (= 17.0.1)
    - FBSDKCoreKit_Basics (= 17.0.1)
  - FBSDKCoreKit_Basics (17.0.1)
  - FirebaseABTesting (10.25.0):
    - FirebaseCore (~> 10.0)
  - FirebaseAnalytics (10.25.0):
    - FirebaseAnalytics/AdIdSupport (= 10.25.0)
    - FirebaseCore (~> 10.0)
    - FirebaseInstallations (~> 10.0)
    - GoogleUtilities/AppDelegateSwizzler (~> 7.11)
    - GoogleUtilities/MethodSwizzler (~> 7.11)
    - GoogleUtilities/Network (~> 7.11)
    - "GoogleUtilities/NSData+zlib (~> 7.11)"
    - nanopb (< 2.30911.0, >= 2.30908.0)
  - FirebaseAnalytics/AdIdSupport (10.25.0):
    - FirebaseCore (~> 10.0)
    - FirebaseInstallations (~> 10.0)
    - GoogleAppMeasurement (= 10.25.0)
    - GoogleUtilities/AppDelegateSwizzler (~> 7.11)
    - GoogleUtilities/MethodSwizzler (~> 7.11)
    - GoogleUtilities/Network (~> 7.11)
    - "GoogleUtilities/NSData+zlib (~> 7.11)"
    - nanopb (< 2.30911.0, >= 2.30908.0)
  - FirebaseCore (10.25.0):
    - FirebaseCoreInternal (~> 10.0)
    - GoogleUtilities/Environment (~> 7.12)
    - GoogleUtilities/Logger (~> 7.12)
  - FirebaseCoreExtension (10.25.0):
    - FirebaseCore (~> 10.0)
  - FirebaseCoreInternal (10.25.0):
    - "GoogleUtilities/NSData+zlib (~> 7.8)"
  - FirebaseCrashlytics (10.25.0):
    - FirebaseCore (~> 10.5)
    - FirebaseInstallations (~> 10.0)
    - FirebaseRemoteConfigInterop (~> 10.23)
    - FirebaseSessions (~> 10.5)
    - GoogleDataTransport (~> 9.2)
    - GoogleUtilities/Environment (~> 7.8)
    - nanopb (< 2.30911.0, >= 2.30908.0)
    - PromisesObjC (~> 2.1)
  - FirebaseInstallations (10.25.0):
    - FirebaseCore (~> 10.0)
    - GoogleUtilities/Environment (~> 7.8)
    - GoogleUtilities/UserDefaults (~> 7.8)
    - PromisesObjC (~> 2.1)
  - FirebaseRemoteConfig (10.25.0):
    - FirebaseABTesting (~> 10.0)
    - FirebaseCore (~> 10.0)
    - FirebaseInstallations (~> 10.0)
    - FirebaseRemoteConfigInterop (~> 10.23)
    - FirebaseSharedSwift (~> 10.0)
    - GoogleUtilities/Environment (~> 7.8)
    - "GoogleUtilities/NSData+zlib (~> 7.8)"
  - FirebaseRemoteConfigInterop (10.25.0)
  - FirebaseSessions (10.25.0):
    - FirebaseCore (~> 10.5)
    - FirebaseCoreExtension (~> 10.0)
    - FirebaseInstallations (~> 10.0)
    - GoogleDataTransport (~> 9.2)
    - GoogleUtilities/Environment (~> 7.13)
    - GoogleUtilities/UserDefaults (~> 7.13)
    - nanopb (< 2.30911.0, >= 2.30908.0)
    - PromisesSwift (~> 2.1)
  - FirebaseSharedSwift (10.25.0)
  - Google-Mobile-Ads-SDK (11.4.0):
    - GoogleUserMessagingPlatform (>= 1.1)
  - GoogleAppMeasurement (10.25.0):
    - GoogleAppMeasurement/AdIdSupport (= 10.25.0)
    - GoogleUtilities/AppDelegateSwizzler (~> 7.11)
    - GoogleUtilities/MethodSwizzler (~> 7.11)
    - GoogleUtilities/Network (~> 7.11)
    - "GoogleUtilities/NSData+zlib (~> 7.11)"
    - nanopb (< 2.30911.0, >= 2.30908.0)
  - GoogleAppMeasurement/AdIdSupport (10.25.0):
    - GoogleAppMeasurement/WithoutAdIdSupport (= 10.25.0)
    - GoogleUtilities/AppDelegateSwizzler (~> 7.11)
    - GoogleUtilities/MethodSwizzler (~> 7.11)
    - GoogleUtilities/Network (~> 7.11)
    - "GoogleUtilities/NSData+zlib (~> 7.11)"
    - nanopb (< 2.30911.0, >= 2.30908.0)
  - GoogleAppMeasurement/WithoutAdIdSupport (10.25.0):
    - GoogleUtilities/AppDelegateSwizzler (~> 7.11)
    - GoogleUtilities/MethodSwizzler (~> 7.11)
    - GoogleUtilities/Network (~> 7.11)
    - "GoogleUtilities/NSData+zlib (~> 7.11)"
    - nanopb (< 2.30911.0, >= 2.30908.0)
  - GoogleDataTransport (9.4.1):
    - GoogleUtilities/Environment (~> 7.7)
    - nanopb (< 2.30911.0, >= 2.30908.0)
    - PromisesObjC (< 3.0, >= 1.2)
  - GoogleMLKit/MLKitCore (5.0.0):
    - MLKitCommon (~> 10.0.0)
  - GoogleMLKit/TextRecognition (5.0.0):
    - GoogleMLKit/MLKitCore
    - MLKitTextRecognition (~> 3.0.0)
  - GoogleMLKit/TextRecognitionChinese (5.0.0):
    - GoogleMLKit/MLKitCore
    - MLKitTextRecognitionChinese (~> 2.0.0)
  - GoogleMLKit/TextRecognitionDevanagari (5.0.0):
    - GoogleMLKit/MLKitCore
    - MLKitTextRecognitionDevanagari (~> 2.0.0)
  - GoogleMLKit/TextRecognitionJapanese (5.0.0):
    - GoogleMLKit/MLKitCore
    - MLKitTextRecognitionJapanese (~> 2.0.0)
  - GoogleMLKit/TextRecognitionKorean (5.0.0):
    - GoogleMLKit/MLKitCore
    - MLKitTextRecognitionKorean (~> 2.0.0)
  - GoogleMLKit/Translate (5.0.0):
    - GoogleMLKit/MLKitCore
    - MLKitTranslate (~> 4.0.0)
  - GoogleToolboxForMac/DebugUtils (2.3.2):
    - GoogleToolboxForMac/Defines (= 2.3.2)
  - GoogleToolboxForMac/Defines (2.3.2)
  - GoogleToolboxForMac/Logger (2.3.2):
    - GoogleToolboxForMac/Defines (= 2.3.2)
  - "GoogleToolboxForMac/NSData+zlib (2.3.2)":
    - GoogleToolboxForMac/Defines (= 2.3.2)
  - "GoogleToolboxForMac/NSDictionary+URLArguments (2.3.2)":
    - GoogleToolboxForMac/DebugUtils (= 2.3.2)
    - GoogleToolboxForMac/Defines (= 2.3.2)
    - "GoogleToolboxForMac/NSString+URLArguments (= 2.3.2)"
  - "GoogleToolboxForMac/NSString+URLArguments (2.3.2)"
  - GoogleToolboxForMac/StringEncoding (2.3.2):
    - GoogleToolboxForMac/Defines (= 2.3.2)
  - GoogleUserMessagingPlatform (2.4.0)
  - GoogleUtilities/AppDelegateSwizzler (7.13.3):
    - GoogleUtilities/Environment
    - GoogleUtilities/Logger
    - GoogleUtilities/Network
    - GoogleUtilities/Privacy
  - GoogleUtilities/Environment (7.13.3):
    - GoogleUtilities/Privacy
    - PromisesObjC (< 3.0, >= 1.2)
  - GoogleUtilities/Logger (7.13.3):
    - GoogleUtilities/Environment
    - GoogleUtilities/Privacy
  - GoogleUtilities/MethodSwizzler (7.13.3):
    - GoogleUtilities/Logger
    - GoogleUtilities/Privacy
  - GoogleUtilities/Network (7.13.3):
    - GoogleUtilities/Logger
    - "GoogleUtilities/NSData+zlib"
    - GoogleUtilities/Privacy
    - GoogleUtilities/Reachability
  - "GoogleUtilities/NSData+zlib (7.13.3)":
    - GoogleUtilities/Privacy
  - GoogleUtilities/Privacy (7.13.3)
  - GoogleUtilities/Reachability (7.13.3):
    - GoogleUtilities/Logger
    - GoogleUtilities/Privacy
  - GoogleUtilities/UserDefaults (7.13.3):
    - GoogleUtilities/Logger
    - GoogleUtilities/Privacy
  - GoogleUtilitiesComponents (1.1.0):
    - GoogleUtilities/Logger
  - GTMSessionFetcher/Core (3.4.1)
  - IQKeyboardManager (6.5.19)
  - lottie-ios (4.4.3)
  - Masonry (1.1.0)
  - MBProgressHUD (1.2.0)
  - MLImage (1.0.0-beta5)
  - MLKitCommon (10.0.0):
    - GoogleDataTransport (~> 9.0)
    - GoogleToolboxForMac/Logger (~> 2.1)
    - "GoogleToolboxForMac/NSData+zlib (~> 2.1)"
    - "GoogleToolboxForMac/NSDictionary+URLArguments (~> 2.1)"
    - GoogleUtilities/UserDefaults (~> 7.0)
    - GoogleUtilitiesComponents (~> 1.0)
    - GTMSessionFetcher/Core (< 4.0, >= 1.1)
  - MLKitNaturalLanguage (6.0.0):
    - GoogleToolboxForMac/Logger (~> 2.1)
    - "GoogleToolboxForMac/NSData+zlib (~> 2.1)"
    - "GoogleToolboxForMac/NSDictionary+URLArguments (~> 2.1)"
    - GoogleToolboxForMac/StringEncoding (~> 2.1)
    - GTMSessionFetcher/Core (< 4.0, >= 1.1)
    - MLKitCommon (~> 10.0)
  - MLKitTextRecognition (3.0.0):
    - MLKitCommon (~> 10.0)
    - MLKitTextRecognitionCommon (= 2.0.0)
    - MLKitVision (~> 6.0)
  - MLKitTextRecognitionChinese (2.0.0):
    - MLKitCommon (~> 10.0)
    - MLKitTextRecognitionCommon (= 2.0.0)
    - MLKitVision (~> 6.0)
  - MLKitTextRecognitionCommon (2.0.0):
    - MLKitCommon (~> 10.0)
    - MLKitVision (~> 6.0)
  - MLKitTextRecognitionDevanagari (2.0.0):
    - MLKitCommon (~> 10.0)
    - MLKitTextRecognitionCommon (= 2.0.0)
    - MLKitVision (~> 6.0)
  - MLKitTextRecognitionJapanese (2.0.0):
    - MLKitCommon (~> 10.0)
    - MLKitTextRecognitionCommon (= 2.0.0)
    - MLKitVision (~> 6.0)
  - MLKitTextRecognitionKorean (2.0.0):
    - MLKitCommon (~> 10.0)
    - MLKitTextRecognitionCommon (= 2.0.0)
    - MLKitVision (~> 6.0)
  - MLKitTranslate (4.0.0):
    - MLKitNaturalLanguage (~> 6.0)
    - SSZipArchive (< 3.0, >= 2.2.3)
  - MLKitVision (6.0.0):
    - GoogleToolboxForMac/Logger (~> 2.1)
    - "GoogleToolboxForMac/NSData+zlib (~> 2.1)"
    - GTMSessionFetcher/Core (< 4.0, >= 1.1)
    - MLImage (= 1.0.0-beta5)
    - MLKitCommon (~> 10.0)
  - nanopb (2.30910.0):
    - nanopb/decode (= 2.30910.0)
    - nanopb/encode (= 2.30910.0)
  - nanopb/decode (2.30910.0)
  - nanopb/encode (2.30910.0)
  - PromisesObjC (2.4.0)
  - PromisesSwift (2.4.0):
    - PromisesObjC (= 2.4.0)
  - SSZipArchive (2.4.3)
  - YYText (1.0.7)

DEPENDENCIES:
  - AFNetworking
  - FBSDKCoreKit
  - FirebaseAnalytics
  - FirebaseCrashlytics
  - FirebaseRemoteConfig
  - Google-Mobile-Ads-SDK
  - GoogleMLKit/TextRecognition
  - GoogleMLKit/TextRecognitionChinese
  - GoogleMLKit/TextRecognitionDevanagari
  - GoogleMLKit/TextRecognitionJapanese
  - GoogleMLKit/TextRecognitionKorean
  - GoogleMLKit/Translate
  - IQKeyboardManager
  - lottie-ios
  - Masonry
  - MBProgressHUD
  - YYText

SPEC REPOS:
  trunk:
    - AFNetworking
    - FBAEMKit
    - FBSDKCoreKit
    - FBSDKCoreKit_Basics
    - FirebaseABTesting
    - FirebaseAnalytics
    - FirebaseCore
    - FirebaseCoreExtension
    - FirebaseCoreInternal
    - FirebaseCrashlytics
    - FirebaseInstallations
    - FirebaseRemoteConfig
    - FirebaseRemoteConfigInterop
    - FirebaseSessions
    - FirebaseSharedSwift
    - Google-Mobile-Ads-SDK
    - GoogleAppMeasurement
    - GoogleDataTransport
    - GoogleMLKit
    - GoogleToolboxForMac
    - GoogleUserMessagingPlatform
    - GoogleUtilities
    - GoogleUtilitiesComponents
    - GTMSessionFetcher
    - IQKeyboardManager
    - lottie-ios
    - Masonry
    - MBProgressHUD
    - MLImage
    - MLKitCommon
    - MLKitNaturalLanguage
    - MLKitTextRecognition
    - MLKitTextRecognitionChinese
    - MLKitTextRecognitionCommon
    - MLKitTextRecognitionDevanagari
    - MLKitTextRecognitionJapanese
    - MLKitTextRecognitionKorean
    - MLKitTranslate
    - MLKitVision
    - nanopb
    - PromisesObjC
    - PromisesSwift
    - SSZipArchive
    - YYText

SPEC CHECKSUMS:
  AFNetworking: 3bd23d814e976cd148d7d44c3ab78017b744cd58
  FBAEMKit: 97eaf41451b49691447df831f7f425229ae64b66
  FBSDKCoreKit: e34084567d11cfdd4787ace2b1a0255bedf34ade
  FBSDKCoreKit_Basics: 3d78e5fe00504e5c1aed1c48de0654c3a1565d15
  FirebaseABTesting: e6e3c3e0e35813874f571d1b7bdae2aab319dd38
  FirebaseAnalytics: ec00fe8b93b41dc6fe4a28784b8e51da0647a248
  FirebaseCore: 7ec4d0484817f12c3373955bc87762d96842d483
  FirebaseCoreExtension: 8a47811d0b155501559ef05d089518152a0a1677
  FirebaseCoreInternal: 910a81992c33715fec9263ca7381d59ab3a750b7
  FirebaseCrashlytics: 4b96efb0ce73b38b2a85e8b8bd1bd8f63f09d015
  FirebaseInstallations: 91950fe859846fff0fbd296180909dd273103b09
  FirebaseRemoteConfig: 9f3935cefecd85d5b312192117f444957de24a75
  FirebaseRemoteConfigInterop: b25018791b204c0d78a90e394d6c62d9b1f22da8
  FirebaseSessions: c0939656253a1fa0e94ecc266ccf770cc8b33732
  FirebaseSharedSwift: 0274086954b1b2d5fd7e829eccc587044d72a4ba
  Google-Mobile-Ads-SDK: d097dca17b9344135dcf592e79df0c7fbd89947b
  GoogleAppMeasurement: 9abf64b682732fed36da827aa2a68f0221fd2356
  GoogleDataTransport: 6c09b596d841063d76d4288cc2d2f42cc36e1e2a
  GoogleMLKit: 90ba06e028795a50261f29500d238d6061538711
  GoogleToolboxForMac: 8bef7c7c5cf7291c687cf5354f39f9db6399ad34
  GoogleUserMessagingPlatform: f131fa7978d2ba88d7426702b057c2cc318e6595
  GoogleUtilities: ea963c370a38a8069cc5f7ba4ca849a60b6d7d15
  GoogleUtilitiesComponents: 679b2c881db3b615a2777504623df6122dd20afe
  GTMSessionFetcher: 8000756fc1c19d2e5697b90311f7832d2e33f6cd
  IQKeyboardManager: c8665b3396bd0b79402b4c573eac345a31c7d485
  lottie-ios: fcb5e73e17ba4c983140b7d21095c834b3087418
  Masonry: 678fab65091a9290e40e2832a55e7ab731aad201
  MBProgressHUD: 3ee5efcc380f6a79a7cc9b363dd669c5e1ae7406
  MLImage: 1824212150da33ef225fbd3dc49f184cf611046c
  MLKitCommon: afcd11b6c0735066a0dde8b4bf2331f6197cbca2
  MLKitNaturalLanguage: b9a77b1811edf35bfba52ec1ce2c25a463aa45e0
  MLKitTextRecognition: 91706574e4db9b48cd2e66cbbcc6b58956156b0a
  MLKitTextRecognitionChinese: 19d3a70799f17cf2115b6381964b87e874d96dcd
  MLKitTextRecognitionCommon: 3bd8375160d21dc9f9cc512d1fab2530ecc43dde
  MLKitTextRecognitionDevanagari: 9c689b259f6654fdaa1004a769dcec55b257a02a
  MLKitTextRecognitionJapanese: 9afa94ad6d622a69c2043def562fffa9be8d269d
  MLKitTextRecognitionKorean: 4b37d1a034af61bf9699d791ae8bcf04cb1e97b7
  MLKitTranslate: 52e52e7c4800e853c274711c9034306b80abba88
  MLKitVision: 90922bca854014a856f8b649d1f1f04f63fd9c79
  nanopb: 438bc412db1928dac798aa6fd75726007be04262
  PromisesObjC: f5707f49cb48b9636751c5b2e7d227e43fba9f47
  PromisesSwift: 9d77319bbe72ebf6d872900551f7eeba9bce2851
  SSZipArchive: fe6a26b2a54d5a0890f2567b5cc6de5caa600aef
  YYText: 5c461d709e24d55a182d1441c41dc639a18a4849

PODFILE CHECKSUM: 8bc7c6dd71cdc6641d1c115d5d0c85e44b626e2f

COCOAPODS: 1.15.2
